
Microsoft Visual Studio Solution File, Format Version 12.00
# Visual Studio Version 16
VisualStudioVersion = 16.0.29613.14
MinimumVisualStudioVersion = 10.0.40219.1
Project("{FAE04EC0-301F-11D3-BF4B-00C04F79EFBC}") = "PrismNavigateToTest", "PrismNavigateToTest\PrismNavigateToTest\PrismNavigateToTest.csproj", "{42BD1127-F7AC-46D5-8577-5F7E52FD87B9}"
EndProject
Project("{FAE04EC0-301F-11D3-BF4B-00C04F79EFBC}") = "PrismNavigateToTest.Android", "PrismNavigateToTest\PrismNavigateToTest.Android\PrismNavigateToTest.Android.csproj", "{AE22C2C5-33DA-4A93-AFB7-FBDFEE78EB46}"
EndProject
Project("{FAE04EC0-301F-11D3-BF4B-00C04F79EFBC}") = "PrismNavigateToTest.iOS", "PrismNavigateToTest\PrismNavigateToTest.iOS\PrismNavigateToTest.iOS.csproj", "{1DDFA6A6-B754-4308-A1AE-B1FA82E220EE}"
EndProject
Project("{FAE04EC0-301F-11D3-BF4B-00C04F79EFBC}") = "PrismNavigateToTest.UWP", "PrismNavigateToTest\PrismNavigateToTest.UWP\PrismNavigateToTest.UWP.csproj", "{70EE4108-8635-45F5-849D-789D9B358416}"
EndProject
Global
	GlobalSection(SolutionConfigurationPlatforms) = preSolution
		Ad-Hoc|Any CPU = Ad-Hoc|Any CPU
		Ad-Hoc|ARM = Ad-Hoc|ARM
		Ad-Hoc|iPhone = Ad-Hoc|iPhone
		Ad-Hoc|iPhoneSimulator = Ad-Hoc|iPhoneSimulator
		Ad-Hoc|x64 = Ad-Hoc|x64
		Ad-Hoc|x86 = Ad-Hoc|x86
		AppStore|Any CPU = AppStore|Any CPU
		AppStore|ARM = AppStore|ARM
		AppStore|iPhone = AppStore|iPhone
		AppStore|iPhoneSimulator = AppStore|iPhoneSimulator
		AppStore|x64 = AppStore|x64
		AppStore|x86 = AppStore|x86
		Debug|Any CPU = Debug|Any CPU
		Debug|ARM = Debug|ARM
		Debug|iPhone = Debug|iPhone
		Debug|iPhoneSimulator = Debug|iPhoneSimulator
		Debug|x64 = Debug|x64
		Debug|x86 = Debug|x86
		Release|Any CPU = Release|Any CPU
		Release|ARM = Release|ARM
		Release|iPhone = Release|iPhone
		Release|iPhoneSimulator = Release|iPhoneSimulator
		Release|x64 = Release|x64
		Release|x86 = Release|x86
	EndGlobalSection
	GlobalSection(ProjectConfigurationPlatforms) = postSolution
		{42BD1127-F7AC-46D5-8577-5F7E52FD87B9}.Ad-Hoc|Any CPU.ActiveCfg = Debug|Any CPU
		{42BD1127-F7AC-46D5-8577-5F7E52FD87B9}.Ad-Hoc|Any CPU.Build.0 = Debug|Any CPU
		{42BD1127-F7AC-46D5-8577-5F7E52FD87B9}.Ad-Hoc|ARM.ActiveCfg = Debug|Any CPU
		{42BD1127-F7AC-46D5-8577-5F7E52FD87B9}.Ad-Hoc|ARM.Build.0 = Debug|Any CPU
		{42BD1127-F7AC-46D5-8577-5F7E52FD87B9}.Ad-Hoc|iPhone.ActiveCfg = Debug|Any CPU
		{42BD1127-F7AC-46D5-8577-5F7E52FD87B9}.Ad-Hoc|iPhone.Build.0 = Debug|Any CPU
		{42BD1127-F7AC-46D5-8577-5F7E52FD87B9}.Ad-Hoc|iPhoneSimulator.ActiveCfg = Debug|Any CPU
		{42BD1127-F7AC-46D5-8577-5F7E52FD87B9}.Ad-Hoc|iPhoneSimulator.Build.0 = Debug|Any CPU
		{42BD1127-F7AC-46D5-8577-5F7E52FD87B9}.Ad-Hoc|x64.ActiveCfg = Debug|Any CPU
		{42BD1127-F7AC-46D5-8577-5F7E52FD87B9}.Ad-Hoc|x64.Build.0 = Debug|Any CPU
		{42BD1127-F7AC-46D5-8577-5F7E52FD87B9}.Ad-Hoc|x86.ActiveCfg = Debug|Any CPU
		{42BD1127-F7AC-46D5-8577-5F7E52FD87B9}.Ad-Hoc|x86.Build.0 = Debug|Any CPU
		{42BD1127-F7AC-46D5-8577-5F7E52FD87B9}.AppStore|Any CPU.ActiveCfg = Debug|Any CPU
		{42BD1127-F7AC-46D5-8577-5F7E52FD87B9}.AppStore|Any CPU.Build.0 = Debug|Any CPU
		{42BD1127-F7AC-46D5-8577-5F7E52FD87B9}.AppStore|ARM.ActiveCfg = Debug|Any CPU
		{42BD1127-F7AC-46D5-8577-5F7E52FD87B9}.AppStore|ARM.Build.0 = Debug|Any CPU
		{42BD1127-F7AC-46D5-8577-5F7E52FD87B9}.AppStore|iPhone.ActiveCfg = Debug|Any CPU
		{42BD1127-F7AC-46D5-8577-5F7E52FD87B9}.AppStore|iPhone.Build.0 = Debug|Any CPU
		{42BD1127-F7AC-46D5-8577-5F7E52FD87B9}.AppStore|iPhoneSimulator.ActiveCfg = Debug|Any CPU
		{42BD1127-F7AC-46D5-8577-5F7E52FD87B9}.AppStore|iPhoneSimulator.Build.0 = Debug|Any CPU
		{42BD1127-F7AC-46D5-8577-5F7E52FD87B9}.AppStore|x64.ActiveCfg = Debug|Any CPU
		{42BD1127-F7AC-46D5-8577-5F7E52FD87B9}.AppStore|x64.Build.0 = Debug|Any CPU
		{42BD1127-F7AC-46D5-8577-5F7E52FD87B9}.AppStore|x86.ActiveCfg = Debug|Any CPU
		{42BD1127-F7AC-46D5-8577-5F7E52FD87B9}.AppStore|x86.Build.0 = Debug|Any CPU
		{42BD1127-F7AC-46D5-8577-5F7E52FD87B9}.Debug|Any CPU.ActiveCfg = Debug|Any CPU
		{42BD1127-F7AC-46D5-8577-5F7E52FD87B9}.Debug|Any CPU.Build.0 = Debug|Any CPU
		{42BD1127-F7AC-46D5-8577-5F7E52FD87B9}.Debug|ARM.ActiveCfg = Debug|Any CPU
		{42BD1127-F7AC-46D5-8577-5F7E52FD87B9}.Debug|ARM.Build.0 = Debug|Any CPU
		{42BD1127-F7AC-46D5-8577-5F7E52FD87B9}.Debug|iPhone.ActiveCfg = Debug|Any CPU
		{42BD1127-F7AC-46D5-8577-5F7E52FD87B9}.Debug|iPhone.Build.0 = Debug|Any CPU
		{42BD1127-F7AC-46D5-8577-5F7E52FD87B9}.Debug|iPhoneSimulator.ActiveCfg = Debug|Any CPU
		{42BD1127-F7AC-46D5-8577-5F7E52FD87B9}.Debug|iPhoneSimulator.Build.0 = Debug|Any CPU
		{42BD1127-F7AC-46D5-8577-5F7E52FD87B9}.Debug|x64.ActiveCfg = Debug|Any CPU
		{42BD1127-F7AC-46D5-8577-5F7E52FD87B9}.Debug|x64.Build.0 = Debug|Any CPU
		{42BD1127-F7AC-46D5-8577-5F7E52FD87B9}.Debug|x86.ActiveCfg = Debug|Any CPU
		{42BD1127-F7AC-46D5-8577-5F7E52FD87B9}.Debug|x86.Build.0 = Debug|Any CPU
		{42BD1127-F7AC-46D5-8577-5F7E52FD87B9}.Release|Any CPU.ActiveCfg = Release|Any CPU
		{42BD1127-F7AC-46D5-8577-5F7E52FD87B9}.Release|Any CPU.Build.0 = Release|Any CPU
		{42BD1127-F7AC-46D5-8577-5F7E52FD87B9}.Release|ARM.ActiveCfg = Release|Any CPU
		{42BD1127-F7AC-46D5-8577-5F7E52FD87B9}.Release|ARM.Build.0 = Release|Any CPU
		{42BD1127-F7AC-46D5-8577-5F7E52FD87B9}.Release|iPhone.ActiveCfg = Release|Any CPU
		{42BD1127-F7AC-46D5-8577-5F7E52FD87B9}.Release|iPhone.Build.0 = Release|Any CPU
		{42BD1127-F7AC-46D5-8577-5F7E52FD87B9}.Release|iPhoneSimulator.ActiveCfg = Release|Any CPU
		{42BD1127-F7AC-46D5-8577-5F7E52FD87B9}.Release|iPhoneSimulator.Build.0 = Release|Any CPU
		{42BD1127-F7AC-46D5-8577-5F7E52FD87B9}.Release|x64.ActiveCfg = Release|Any CPU
		{42BD1127-F7AC-46D5-8577-5F7E52FD87B9}.Release|x64.Build.0 = Release|Any CPU
		{42BD1127-F7AC-46D5-8577-5F7E52FD87B9}.Release|x86.ActiveCfg = Release|Any CPU
		{42BD1127-F7AC-46D5-8577-5F7E52FD87B9}.Release|x86.Build.0 = Release|Any CPU
		{AE22C2C5-33DA-4A93-AFB7-FBDFEE78EB46}.Ad-Hoc|Any CPU.ActiveCfg = Release|Any CPU
		{AE22C2C5-33DA-4A93-AFB7-FBDFEE78EB46}.Ad-Hoc|Any CPU.Build.0 = Release|Any CPU
		{AE22C2C5-33DA-4A93-AFB7-FBDFEE78EB46}.Ad-Hoc|Any CPU.Deploy.0 = Release|Any CPU
		{AE22C2C5-33DA-4A93-AFB7-FBDFEE78EB46}.Ad-Hoc|ARM.ActiveCfg = Release|Any CPU
		{AE22C2C5-33DA-4A93-AFB7-FBDFEE78EB46}.Ad-Hoc|ARM.Build.0 = Release|Any CPU
		{AE22C2C5-33DA-4A93-AFB7-FBDFEE78EB46}.Ad-Hoc|ARM.Deploy.0 = Release|Any CPU
		{AE22C2C5-33DA-4A93-AFB7-FBDFEE78EB46}.Ad-Hoc|iPhone.ActiveCfg = Release|Any CPU
		{AE22C2C5-33DA-4A93-AFB7-FBDFEE78EB46}.Ad-Hoc|iPhone.Build.0 = Release|Any CPU
		{AE22C2C5-33DA-4A93-AFB7-FBDFEE78EB46}.Ad-Hoc|iPhone.Deploy.0 = Release|Any CPU
		{AE22C2C5-33DA-4A93-AFB7-FBDFEE78EB46}.Ad-Hoc|iPhoneSimulator.ActiveCfg = Release|Any CPU
		{AE22C2C5-33DA-4A93-AFB7-FBDFEE78EB46}.Ad-Hoc|iPhoneSimulator.Build.0 = Release|Any CPU
		{AE22C2C5-33DA-4A93-AFB7-FBDFEE78EB46}.Ad-Hoc|iPhoneSimulator.Deploy.0 = Release|Any CPU
		{AE22C2C5-33DA-4A93-AFB7-FBDFEE78EB46}.Ad-Hoc|x64.ActiveCfg = Release|Any CPU
		{AE22C2C5-33DA-4A93-AFB7-FBDFEE78EB46}.Ad-Hoc|x64.Build.0 = Release|Any CPU
		{AE22C2C5-33DA-4A93-AFB7-FBDFEE78EB46}.Ad-Hoc|x64.Deploy.0 = Release|Any CPU
		{AE22C2C5-33DA-4A93-AFB7-FBDFEE78EB46}.Ad-Hoc|x86.ActiveCfg = Release|Any CPU
		{AE22C2C5-33DA-4A93-AFB7-FBDFEE78EB46}.Ad-Hoc|x86.Build.0 = Release|Any CPU
		{AE22C2C5-33DA-4A93-AFB7-FBDFEE78EB46}.Ad-Hoc|x86.Deploy.0 = Release|Any CPU
		{AE22C2C5-33DA-4A93-AFB7-FBDFEE78EB46}.AppStore|Any CPU.ActiveCfg = Release|Any CPU
		{AE22C2C5-33DA-4A93-AFB7-FBDFEE78EB46}.AppStore|Any CPU.Build.0 = Release|Any CPU
		{AE22C2C5-33DA-4A93-AFB7-FBDFEE78EB46}.AppStore|Any CPU.Deploy.0 = Release|Any CPU
		{AE22C2C5-33DA-4A93-AFB7-FBDFEE78EB46}.AppStore|ARM.ActiveCfg = Release|Any CPU
		{AE22C2C5-33DA-4A93-AFB7-FBDFEE78EB46}.AppStore|ARM.Build.0 = Release|Any CPU
		{AE22C2C5-33DA-4A93-AFB7-FBDFEE78EB46}.AppStore|ARM.Deploy.0 = Release|Any CPU
		{AE22C2C5-33DA-4A93-AFB7-FBDFEE78EB46}.AppStore|iPhone.ActiveCfg = Release|Any CPU
		{AE22C2C5-33DA-4A93-AFB7-FBDFEE78EB46}.AppStore|iPhone.Build.0 = Release|Any CPU
		{AE22C2C5-33DA-4A93-AFB7-FBDFEE78EB46}.AppStore|iPhone.Deploy.0 = Release|Any CPU
		{AE22C2C5-33DA-4A93-AFB7-FBDFEE78EB46}.AppStore|iPhoneSimulator.ActiveCfg = Release|Any CPU
		{AE22C2C5-33DA-4A93-AFB7-FBDFEE78EB46}.AppStore|iPhoneSimulator.Build.0 = Release|Any CPU
		{AE22C2C5-33DA-4A93-AFB7-FBDFEE78EB46}.AppStore|iPhoneSimulator.Deploy.0 = Release|Any CPU
		{AE22C2C5-33DA-4A93-AFB7-FBDFEE78EB46}.AppStore|x64.ActiveCfg = Release|Any CPU
		{AE22C2C5-33DA-4A93-AFB7-FBDFEE78EB46}.AppStore|x64.Build.0 = Release|Any CPU
		{AE22C2C5-33DA-4A93-AFB7-FBDFEE78EB46}.AppStore|x64.Deploy.0 = Release|Any CPU
		{AE22C2C5-33DA-4A93-AFB7-FBDFEE78EB46}.AppStore|x86.ActiveCfg = Release|Any CPU
		{AE22C2C5-33DA-4A93-AFB7-FBDFEE78EB46}.AppStore|x86.Build.0 = Release|Any CPU
		{AE22C2C5-33DA-4A93-AFB7-FBDFEE78EB46}.AppStore|x86.Deploy.0 = Release|Any CPU
		{AE22C2C5-33DA-4A93-AFB7-FBDFEE78EB46}.Debug|Any CPU.ActiveCfg = Debug|Any CPU
		{AE22C2C5-33DA-4A93-AFB7-FBDFEE78EB46}.Debug|Any CPU.Build.0 = Debug|Any CPU
		{AE22C2C5-33DA-4A93-AFB7-FBDFEE78EB46}.Debug|Any CPU.Deploy.0 = Debug|Any CPU
		{AE22C2C5-33DA-4A93-AFB7-FBDFEE78EB46}.Debug|ARM.ActiveCfg = Debug|Any CPU
		{AE22C2C5-33DA-4A93-AFB7-FBDFEE78EB46}.Debug|ARM.Build.0 = Debug|Any CPU
		{AE22C2C5-33DA-4A93-AFB7-FBDFEE78EB46}.Debug|ARM.Deploy.0 = Debug|Any CPU
		{AE22C2C5-33DA-4A93-AFB7-FBDFEE78EB46}.Debug|iPhone.ActiveCfg = Debug|Any CPU
		{AE22C2C5-33DA-4A93-AFB7-FBDFEE78EB46}.Debug|iPhone.Build.0 = Debug|Any CPU
		{AE22C2C5-33DA-4A93-AFB7-FBDFEE78EB46}.Debug|iPhone.Deploy.0 = Debug|Any CPU
		{AE22C2C5-33DA-4A93-AFB7-FBDFEE78EB46}.Debug|iPhoneSimulator.ActiveCfg = Debug|Any CPU
		{AE22C2C5-33DA-4A93-AFB7-FBDFEE78EB46}.Debug|iPhoneSimulator.Build.0 = Debug|Any CPU
		{AE22C2C5-33DA-4A93-AFB7-FBDFEE78EB46}.Debug|iPhoneSimulator.Deploy.0 = Debug|Any CPU
		{AE22C2C5-33DA-4A93-AFB7-FBDFEE78EB46}.Debug|x64.ActiveCfg = Debug|Any CPU
		{AE22C2C5-33DA-4A93-AFB7-FBDFEE78EB46}.Debug|x64.Build.0 = Debug|Any CPU
		{AE22C2C5-33DA-4A93-AFB7-FBDFEE78EB46}.Debug|x64.Deploy.0 = Debug|Any CPU
		{AE22C2C5-33DA-4A93-AFB7-FBDFEE78EB46}.Debug|x86.ActiveCfg = Debug|Any CPU
		{AE22C2C5-33DA-4A93-AFB7-FBDFEE78EB46}.Debug|x86.Build.0 = Debug|Any CPU
		{AE22C2C5-33DA-4A93-AFB7-FBDFEE78EB46}.Debug|x86.Deploy.0 = Debug|Any CPU
		{AE22C2C5-33DA-4A93-AFB7-FBDFEE78EB46}.Release|Any CPU.ActiveCfg = Release|Any CPU
		{AE22C2C5-33DA-4A93-AFB7-FBDFEE78EB46}.Release|Any CPU.Build.0 = Release|Any CPU
		{AE22C2C5-33DA-4A93-AFB7-FBDFEE78EB46}.Release|Any CPU.Deploy.0 = Release|Any CPU
		{AE22C2C5-33DA-4A93-AFB7-FBDFEE78EB46}.Release|ARM.ActiveCfg = Release|Any CPU
		{AE22C2C5-33DA-4A93-AFB7-FBDFEE78EB46}.Release|ARM.Build.0 = Release|Any CPU
		{AE22C2C5-33DA-4A93-AFB7-FBDFEE78EB46}.Release|ARM.Deploy.0 = Release|Any CPU
		{AE22C2C5-33DA-4A93-AFB7-FBDFEE78EB46}.Release|iPhone.ActiveCfg = Release|Any CPU
		{AE22C2C5-33DA-4A93-AFB7-FBDFEE78EB46}.Release|iPhone.Build.0 = Release|Any CPU
		{AE22C2C5-33DA-4A93-AFB7-FBDFEE78EB46}.Release|iPhone.Deploy.0 = Release|Any CPU
		{AE22C2C5-33DA-4A93-AFB7-FBDFEE78EB46}.Release|iPhoneSimulator.ActiveCfg = Release|Any CPU
		{AE22C2C5-33DA-4A93-AFB7-FBDFEE78EB46}.Release|iPhoneSimulator.Build.0 = Release|Any CPU
		{AE22C2C5-33DA-4A93-AFB7-FBDFEE78EB46}.Release|iPhoneSimulator.Deploy.0 = Release|Any CPU
		{AE22C2C5-33DA-4A93-AFB7-FBDFEE78EB46}.Release|x64.ActiveCfg = Release|Any CPU
		{AE22C2C5-33DA-4A93-AFB7-FBDFEE78EB46}.Release|x64.Build.0 = Release|Any CPU
		{AE22C2C5-33DA-4A93-AFB7-FBDFEE78EB46}.Release|x64.Deploy.0 = Release|Any CPU
		{AE22C2C5-33DA-4A93-AFB7-FBDFEE78EB46}.Release|x86.ActiveCfg = Release|Any CPU
		{AE22C2C5-33DA-4A93-AFB7-FBDFEE78EB46}.Release|x86.Build.0 = Release|Any CPU
		{AE22C2C5-33DA-4A93-AFB7-FBDFEE78EB46}.Release|x86.Deploy.0 = Release|Any CPU
		{1DDFA6A6-B754-4308-A1AE-B1FA82E220EE}.Ad-Hoc|Any CPU.ActiveCfg = Ad-Hoc|iPhone
		{1DDFA6A6-B754-4308-A1AE-B1FA82E220EE}.Ad-Hoc|ARM.ActiveCfg = Ad-Hoc|iPhone
		{1DDFA6A6-B754-4308-A1AE-B1FA82E220EE}.Ad-Hoc|iPhone.ActiveCfg = Ad-Hoc|iPhone
		{1DDFA6A6-B754-4308-A1AE-B1FA82E220EE}.Ad-Hoc|iPhone.Build.0 = Ad-Hoc|iPhone
		{1DDFA6A6-B754-4308-A1AE-B1FA82E220EE}.Ad-Hoc|iPhoneSimulator.ActiveCfg = Ad-Hoc|iPhoneSimulator
		{1DDFA6A6-B754-4308-A1AE-B1FA82E220EE}.Ad-Hoc|iPhoneSimulator.Build.0 = Ad-Hoc|iPhoneSimulator
		{1DDFA6A6-B754-4308-A1AE-B1FA82E220EE}.Ad-Hoc|x64.ActiveCfg = Ad-Hoc|iPhone
		{1DDFA6A6-B754-4308-A1AE-B1FA82E220EE}.Ad-Hoc|x86.ActiveCfg = Ad-Hoc|iPhone
		{1DDFA6A6-B754-4308-A1AE-B1FA82E220EE}.AppStore|Any CPU.ActiveCfg = AppStore|iPhone
		{1DDFA6A6-B754-4308-A1AE-B1FA82E220EE}.AppStore|ARM.ActiveCfg = AppStore|iPhone
		{1DDFA6A6-B754-4308-A1AE-B1FA82E220EE}.AppStore|iPhone.ActiveCfg = AppStore|iPhone
		{1DDFA6A6-B754-4308-A1AE-B1FA82E220EE}.AppStore|iPhone.Build.0 = AppStore|iPhone
		{1DDFA6A6-B754-4308-A1AE-B1FA82E220EE}.AppStore|iPhoneSimulator.ActiveCfg = AppStore|iPhoneSimulator
		{1DDFA6A6-B754-4308-A1AE-B1FA82E220EE}.AppStore|iPhoneSimulator.Build.0 = AppStore|iPhoneSimulator
		{1DDFA6A6-B754-4308-A1AE-B1FA82E220EE}.AppStore|x64.ActiveCfg = AppStore|iPhone
		{1DDFA6A6-B754-4308-A1AE-B1FA82E220EE}.AppStore|x86.ActiveCfg = AppStore|iPhone
		{1DDFA6A6-B754-4308-A1AE-B1FA82E220EE}.Debug|Any CPU.ActiveCfg = Debug|iPhone
		{1DDFA6A6-B754-4308-A1AE-B1FA82E220EE}.Debug|ARM.ActiveCfg = Debug|iPhone
		{1DDFA6A6-B754-4308-A1AE-B1FA82E220EE}.Debug|iPhone.ActiveCfg = Debug|iPhone
		{1DDFA6A6-B754-4308-A1AE-B1FA82E220EE}.Debug|iPhone.Build.0 = Debug|iPhone
		{1DDFA6A6-B754-4308-A1AE-B1FA82E220EE}.Debug|iPhoneSimulator.ActiveCfg = Debug|iPhoneSimulator
		{1DDFA6A6-B754-4308-A1AE-B1FA82E220EE}.Debug|iPhoneSimulator.Build.0 = Debug|iPhoneSimulator
		{1DDFA6A6-B754-4308-A1AE-B1FA82E220EE}.Debug|x64.ActiveCfg = Debug|iPhone
		{1DDFA6A6-B754-4308-A1AE-B1FA82E220EE}.Debug|x86.ActiveCfg = Debug|iPhone
		{1DDFA6A6-B754-4308-A1AE-B1FA82E220EE}.Release|Any CPU.ActiveCfg = Release|iPhone
		{1DDFA6A6-B754-4308-A1AE-B1FA82E220EE}.Release|ARM.ActiveCfg = Release|iPhone
		{1DDFA6A6-B754-4308-A1AE-B1FA82E220EE}.Release|iPhone.ActiveCfg = Release|iPhone
		{1DDFA6A6-B754-4308-A1AE-B1FA82E220EE}.Release|iPhone.Build.0 = Release|iPhone
		{1DDFA6A6-B754-4308-A1AE-B1FA82E220EE}.Release|iPhoneSimulator.ActiveCfg = Release|iPhoneSimulator
		{1DDFA6A6-B754-4308-A1AE-B1FA82E220EE}.Release|iPhoneSimulator.Build.0 = Release|iPhoneSimulator
		{1DDFA6A6-B754-4308-A1AE-B1FA82E220EE}.Release|x64.ActiveCfg = Release|iPhone
		{1DDFA6A6-B754-4308-A1AE-B1FA82E220EE}.Release|x86.ActiveCfg = Release|iPhone
		{70EE4108-8635-45F5-849D-789D9B358416}.Ad-Hoc|Any CPU.ActiveCfg = Release|x86
		{70EE4108-8635-45F5-849D-789D9B358416}.Ad-Hoc|Any CPU.Build.0 = Release|x86
		{70EE4108-8635-45F5-849D-789D9B358416}.Ad-Hoc|Any CPU.Deploy.0 = Release|x86
		{70EE4108-8635-45F5-849D-789D9B358416}.Ad-Hoc|ARM.ActiveCfg = Release|ARM
		{70EE4108-8635-45F5-849D-789D9B358416}.Ad-Hoc|ARM.Build.0 = Release|ARM
		{70EE4108-8635-45F5-849D-789D9B358416}.Ad-Hoc|ARM.Deploy.0 = Release|ARM
		{70EE4108-8635-45F5-849D-789D9B358416}.Ad-Hoc|iPhone.ActiveCfg = Release|x86
		{70EE4108-8635-45F5-849D-789D9B358416}.Ad-Hoc|iPhone.Build.0 = Release|x86
		{70EE4108-8635-45F5-849D-789D9B358416}.Ad-Hoc|iPhone.Deploy.0 = Release|x86
		{70EE4108-8635-45F5-849D-789D9B358416}.Ad-Hoc|iPhoneSimulator.ActiveCfg = Release|x86
		{70EE4108-8635-45F5-849D-789D9B358416}.Ad-Hoc|iPhoneSimulator.Build.0 = Release|x86
		{70EE4108-8635-45F5-849D-789D9B358416}.Ad-Hoc|iPhoneSimulator.Deploy.0 = Release|x86
		{70EE4108-8635-45F5-849D-789D9B358416}.Ad-Hoc|x64.ActiveCfg = Release|x64
		{70EE4108-8635-45F5-849D-789D9B358416}.Ad-Hoc|x64.Build.0 = Release|x64
		{70EE4108-8635-45F5-849D-789D9B358416}.Ad-Hoc|x64.Deploy.0 = Release|x64
		{70EE4108-8635-45F5-849D-789D9B358416}.Ad-Hoc|x86.ActiveCfg = Release|x86
		{70EE4108-8635-45F5-849D-789D9B358416}.Ad-Hoc|x86.Build.0 = Release|x86
		{70EE4108-8635-45F5-849D-789D9B358416}.Ad-Hoc|x86.Deploy.0 = Release|x86
		{70EE4108-8635-45F5-849D-789D9B358416}.AppStore|Any CPU.ActiveCfg = Release|x86
		{70EE4108-8635-45F5-849D-789D9B358416}.AppStore|Any CPU.Build.0 = Release|x86
		{70EE4108-8635-45F5-849D-789D9B358416}.AppStore|Any CPU.Deploy.0 = Release|x86
		{70EE4108-8635-45F5-849D-789D9B358416}.AppStore|ARM.ActiveCfg = Release|ARM
		{70EE4108-8635-45F5-849D-789D9B358416}.AppStore|ARM.Build.0 = Release|ARM
		{70EE4108-8635-45F5-849D-789D9B358416}.AppStore|ARM.Deploy.0 = Release|ARM
		{70EE4108-8635-45F5-849D-789D9B358416}.AppStore|iPhone.ActiveCfg = Release|x86
		{70EE4108-8635-45F5-849D-789D9B358416}.AppStore|iPhone.Build.0 = Release|x86
		{70EE4108-8635-45F5-849D-789D9B358416}.AppStore|iPhone.Deploy.0 = Release|x86
		{70EE4108-8635-45F5-849D-789D9B358416}.AppStore|iPhoneSimulator.ActiveCfg = Release|x86
		{70EE4108-8635-45F5-849D-789D9B358416}.AppStore|iPhoneSimulator.Build.0 = Release|x86
		{70EE4108-8635-45F5-849D-789D9B358416}.AppStore|iPhoneSimulator.Deploy.0 = Release|x86
		{70EE4108-8635-45F5-849D-789D9B358416}.AppStore|x64.ActiveCfg = Release|x64
		{70EE4108-8635-45F5-849D-789D9B358416}.AppStore|x64.Build.0 = Release|x64
		{70EE4108-8635-45F5-849D-789D9B358416}.AppStore|x64.Deploy.0 = Release|x64
		{70EE4108-8635-45F5-849D-789D9B358416}.AppStore|x86.ActiveCfg = Release|x86
		{70EE4108-8635-45F5-849D-789D9B358416}.AppStore|x86.Build.0 = Release|x86
		{70EE4108-8635-45F5-849D-789D9B358416}.AppStore|x86.Deploy.0 = Release|x86
		{70EE4108-8635-45F5-849D-789D9B358416}.Debug|Any CPU.ActiveCfg = Debug|x86
		{70EE4108-8635-45F5-849D-789D9B358416}.Debug|ARM.ActiveCfg = Debug|ARM
		{70EE4108-8635-45F5-849D-789D9B358416}.Debug|ARM.Build.0 = Debug|ARM
		{70EE4108-8635-45F5-849D-789D9B358416}.Debug|ARM.Deploy.0 = Debug|ARM
		{70EE4108-8635-45F5-849D-789D9B358416}.Debug|iPhone.ActiveCfg = Debug|x86
		{70EE4108-8635-45F5-849D-789D9B358416}.Debug|iPhoneSimulator.ActiveCfg = Debug|x86
		{70EE4108-8635-45F5-849D-789D9B358416}.Debug|x64.ActiveCfg = Debug|x64
		{70EE4108-8635-45F5-849D-789D9B358416}.Debug|x64.Build.0 = Debug|x64
		{70EE4108-8635-45F5-849D-789D9B358416}.Debug|x64.Deploy.0 = Debug|x64
		{70EE4108-8635-45F5-849D-789D9B358416}.Debug|x86.ActiveCfg = Debug|x86
		{70EE4108-8635-45F5-849D-789D9B358416}.Debug|x86.Build.0 = Debug|x86
		{70EE4108-8635-45F5-849D-789D9B358416}.Debug|x86.Deploy.0 = Debug|x86
		{70EE4108-8635-45F5-849D-789D9B358416}.Release|Any CPU.ActiveCfg = Release|x86
		{70EE4108-8635-45F5-849D-789D9B358416}.Release|ARM.ActiveCfg = Release|ARM
		{70EE4108-8635-45F5-849D-789D9B358416}.Release|ARM.Build.0 = Release|ARM
		{70EE4108-8635-45F5-849D-789D9B358416}.Release|ARM.Deploy.0 = Release|ARM
		{70EE4108-8635-45F5-849D-789D9B358416}.Release|iPhone.ActiveCfg = Release|x86
		{70EE4108-8635-45F5-849D-789D9B358416}.Release|iPhoneSimulator.ActiveCfg = Release|x86
		{70EE4108-8635-45F5-849D-789D9B358416}.Release|x64.ActiveCfg = Release|x64
		{70EE4108-8635-45F5-849D-789D9B358416}.Release|x64.Build.0 = Release|x64
		{70EE4108-8635-45F5-849D-789D9B358416}.Release|x64.Deploy.0 = Release|x64
		{70EE4108-8635-45F5-849D-789D9B358416}.Release|x86.ActiveCfg = Release|x86
		{70EE4108-8635-45F5-849D-789D9B358416}.Release|x86.Build.0 = Release|x86
		{70EE4108-8635-45F5-849D-789D9B358416}.Release|x86.Deploy.0 = Release|x86
	EndGlobalSection
	GlobalSection(SolutionProperties) = preSolution
		HideSolutionNode = FALSE
	EndGlobalSection
	GlobalSection(ExtensibilityGlobals) = postSolution
		SolutionGuid = {0BC27478-B5BF-4503-96D9-65E8E29AC6B5}
	EndGlobalSection
EndGlobal
